// !$*UTF8*$!
{
	archiveVersion = 1;
	classes = {
	};
	objectVersion = 56;
	objects = {

/* Begin PBXBuildFile section */
		D826090A28B93DF200E144E9 /* WelcomeView.swift in Sources */ = {isa = PBXBuildFile; fileRef = D826090928B93DF200E144E9 /* WelcomeView.swift */; };
		D826090C28B9487200E144E9 /* Extensions.swift in Sources */ = {isa = PBXBuildFile; fileRef = D826090B28B9487200E144E9 /* Extensions.swift */; };
		D87B60DB28B4663900432A8A /* FeederApp.swift in Sources */ = {isa = PBXBuildFile; fileRef = D87B60DA28B4663900432A8A /* FeederApp.swift */; };
		D87B60DF28B4663900432A8A /* Assets.xcassets in Resources */ = {isa = PBXBuildFile; fileRef = D87B60DE28B4663900432A8A /* Assets.xcassets */; };
		D87B60E228B4663900432A8A /* Preview Assets.xcassets in Resources */ = {isa = PBXBuildFile; fileRef = D87B60E128B4663900432A8A /* Preview Assets.xcassets */; };
		D87B60F128B4663A00432A8A /* FeederTests.swift in Sources */ = {isa = PBXBuildFile; fileRef = D87B60F028B4663A00432A8A /* FeederTests.swift */; };
		D87B60FB28B4663A00432A8A /* FeederUITests.swift in Sources */ = {isa = PBXBuildFile; fileRef = D87B60FA28B4663A00432A8A /* FeederUITests.swift */; };
		D87B60FD28B4663A00432A8A /* FeederUITestsLaunchTests.swift in Sources */ = {isa = PBXBuildFile; fileRef = D87B60FC28B4663A00432A8A /* FeederUITestsLaunchTests.swift */; };
		D883131B28B7F51C004F74A2 /* BluetoothController.swift in Sources */ = {isa = PBXBuildFile; fileRef = D883131A28B7F51C004F74A2 /* BluetoothController.swift */; };
		D883131D28B7F9D0004F74A2 /* Constants.swift in Sources */ = {isa = PBXBuildFile; fileRef = D883131C28B7F9D0004F74A2 /* Constants.swift */; };
		D8B41FF828C6B9EF00DAA136 /* WelcomeViewModel.swift in Sources */ = {isa = PBXBuildFile; fileRef = D8B41FF728C6B9EF00DAA136 /* WelcomeViewModel.swift */; };
		D8B41FFB28C6BA1100DAA136 /* WelcomeTests.swift in Sources */ = {isa = PBXBuildFile; fileRef = D8B41FFA28C6BA1100DAA136 /* WelcomeTests.swift */; };
		D8B41FFE28C6BC9F00DAA136 /* Realm in Frameworks */ = {isa = PBXBuildFile; productRef = D8B41FFD28C6BC9F00DAA136 /* Realm */; };
		D8B4200028C6BC9F00DAA136 /* RealmSwift in Frameworks */ = {isa = PBXBuildFile; productRef = D8B41FFF28C6BC9F00DAA136 /* RealmSwift */; settings = {ATTRIBUTES = (Required, ); }; };
		D8B4200328C6C0A300DAA136 /* Settings.swift in Sources */ = {isa = PBXBuildFile; fileRef = D8B4200228C6C0A300DAA136 /* Settings.swift */; };
		D8B4200628C6C13500DAA136 /* Feeder.swift in Sources */ = {isa = PBXBuildFile; fileRef = D8B4200528C6C13500DAA136 /* Feeder.swift */; };
		D8B4200828C6C55500DAA136 /* Pet.swift in Sources */ = {isa = PBXBuildFile; fileRef = D8B4200728C6C55500DAA136 /* Pet.swift */; };
		D8FA046A28B9A4420084F24B /* Nunito-Regular.ttf in Resources */ = {isa = PBXBuildFile; fileRef = D8FA046928B9A4420084F24B /* Nunito-Regular.ttf */; };
		D8FA046C28B9A58E0084F24B /* Nunito-Black.ttf in Resources */ = {isa = PBXBuildFile; fileRef = D8FA046B28B9A58E0084F24B /* Nunito-Black.ttf */; };
/* End PBXBuildFile section */

/* Begin PBXContainerItemProxy section */
		D87B60ED28B4663A00432A8A /* PBXContainerItemProxy */ = {
			isa = PBXContainerItemProxy;
			containerPortal = D87B60CF28B4663900432A8A /* Project object */;
			proxyType = 1;
			remoteGlobalIDString = D87B60D628B4663900432A8A;
			remoteInfo = "Feeder-iOS";
		};
		D87B60F728B4663A00432A8A /* PBXContainerItemProxy */ = {
			isa = PBXContainerItemProxy;
			containerPortal = D87B60CF28B4663900432A8A /* Project object */;
			proxyType = 1;
			remoteGlobalIDString = D87B60D628B4663900432A8A;
			remoteInfo = "Feeder-iOS";
		};
/* End PBXContainerItemProxy section */

/* Begin PBXFileReference section */
		D826090928B93DF200E144E9 /* WelcomeView.swift */ = {isa = PBXFileReference; lastKnownFileType = sourcecode.swift; path = WelcomeView.swift; sourceTree = "<group>"; };
		D826090B28B9487200E144E9 /* Extensions.swift */ = {isa = PBXFileReference; lastKnownFileType = sourcecode.swift; path = Extensions.swift; sourceTree = "<group>"; };
		D87B60D728B4663900432A8A /* Feeder-iOS.app */ = {isa = PBXFileReference; explicitFileType = wrapper.application; includeInIndex = 0; path = "Feeder-iOS.app"; sourceTree = BUILT_PRODUCTS_DIR; };
		D87B60DA28B4663900432A8A /* FeederApp.swift */ = {isa = PBXFileReference; lastKnownFileType = sourcecode.swift; path = FeederApp.swift; sourceTree = "<group>"; };
		D87B60DE28B4663900432A8A /* Assets.xcassets */ = {isa = PBXFileReference; lastKnownFileType = folder.assetcatalog; path = Assets.xcassets; sourceTree = "<group>"; };
		D87B60E128B4663900432A8A /* Preview Assets.xcassets */ = {isa = PBXFileReference; lastKnownFileType = folder.assetcatalog; path = "Preview Assets.xcassets"; sourceTree = "<group>"; };
		D87B60EC28B4663A00432A8A /* Feeder-iOSTests.xctest */ = {isa = PBXFileReference; explicitFileType = wrapper.cfbundle; includeInIndex = 0; path = "Feeder-iOSTests.xctest"; sourceTree = BUILT_PRODUCTS_DIR; };
		D87B60F028B4663A00432A8A /* FeederTests.swift */ = {isa = PBXFileReference; lastKnownFileType = sourcecode.swift; path = FeederTests.swift; sourceTree = "<group>"; };
		D87B60F628B4663A00432A8A /* Feeder-iOSUITests.xctest */ = {isa = PBXFileReference; explicitFileType = wrapper.cfbundle; includeInIndex = 0; path = "Feeder-iOSUITests.xctest"; sourceTree = BUILT_PRODUCTS_DIR; };
		D87B60FA28B4663A00432A8A /* FeederUITests.swift */ = {isa = PBXFileReference; lastKnownFileType = sourcecode.swift; path = FeederUITests.swift; sourceTree = "<group>"; };
		D87B60FC28B4663A00432A8A /* FeederUITestsLaunchTests.swift */ = {isa = PBXFileReference; lastKnownFileType = sourcecode.swift; path = FeederUITestsLaunchTests.swift; sourceTree = "<group>"; };
		D883131A28B7F51C004F74A2 /* BluetoothController.swift */ = {isa = PBXFileReference; lastKnownFileType = sourcecode.swift; path = BluetoothController.swift; sourceTree = "<group>"; };
		D883131C28B7F9D0004F74A2 /* Constants.swift */ = {isa = PBXFileReference; lastKnownFileType = sourcecode.swift; path = Constants.swift; sourceTree = "<group>"; };
		D8B41FF728C6B9EF00DAA136 /* WelcomeViewModel.swift */ = {isa = PBXFileReference; lastKnownFileType = sourcecode.swift; path = WelcomeViewModel.swift; sourceTree = "<group>"; };
		D8B41FFA28C6BA1100DAA136 /* WelcomeTests.swift */ = {isa = PBXFileReference; lastKnownFileType = sourcecode.swift; path = WelcomeTests.swift; sourceTree = "<group>"; };
		D8B4200228C6C0A300DAA136 /* Settings.swift */ = {isa = PBXFileReference; lastKnownFileType = sourcecode.swift; path = Settings.swift; sourceTree = "<group>"; };
		D8B4200528C6C13500DAA136 /* Feeder.swift */ = {isa = PBXFileReference; lastKnownFileType = sourcecode.swift; path = Feeder.swift; sourceTree = "<group>"; };
		D8B4200728C6C55500DAA136 /* Pet.swift */ = {isa = PBXFileReference; lastKnownFileType = sourcecode.swift; path = Pet.swift; sourceTree = "<group>"; };
		D8EE8AFC28B8083300ADE777 /* Info.plist */ = {isa = PBXFileReference; lastKnownFileType = text.plist; path = Info.plist; sourceTree = "<group>"; };
		D8FA046628B96E150084F24B /* README.md */ = {isa = PBXFileReference; lastKnownFileType = net.daringfireball.markdown; path = README.md; sourceTree = "<group>"; };
		D8FA046928B9A4420084F24B /* Nunito-Regular.ttf */ = {isa = PBXFileReference; lastKnownFileType = file; path = "Nunito-Regular.ttf"; sourceTree = "<group>"; };
		D8FA046B28B9A58E0084F24B /* Nunito-Black.ttf */ = {isa = PBXFileReference; lastKnownFileType = file; path = "Nunito-Black.ttf"; sourceTree = "<group>"; };
/* End PBXFileReference section */

/* Begin PBXFrameworksBuildPhase section */
		D87B60D428B4663900432A8A /* Frameworks */ = {
			isa = PBXFrameworksBuildPhase;
			buildActionMask = 2147483647;
			files = (
				D8B4200028C6BC9F00DAA136 /* RealmSwift in Frameworks */,
				D8B41FFE28C6BC9F00DAA136 /* Realm in Frameworks */,
			);
			runOnlyForDeploymentPostprocessing = 0;
		};
		D87B60E928B4663A00432A8A /* Frameworks */ = {
			isa = PBXFrameworksBuildPhase;
			buildActionMask = 2147483647;
			files = (
			);
			runOnlyForDeploymentPostprocessing = 0;
		};
		D87B60F328B4663A00432A8A /* Frameworks */ = {
			isa = PBXFrameworksBuildPhase;
			buildActionMask = 2147483647;
			files = (
			);
			runOnlyForDeploymentPostprocessing = 0;
		};
/* End PBXFrameworksBuildPhase section */

/* Begin PBXGroup section */
		D826090828B93DAA00E144E9 /* Views */ = {
			isa = PBXGroup;
			children = (
				D826090928B93DF200E144E9 /* WelcomeView.swift */,
			);
			path = Views;
			sourceTree = "<group>";
		};
		D87B60CE28B4663900432A8A = {
			isa = PBXGroup;
			children = (
				D87B60D928B4663900432A8A /* Feeder-iOS */,
				D87B60EF28B4663A00432A8A /* Feeder-iOSTests */,
				D87B60F928B4663A00432A8A /* Feeder-iOSUITests */,
				D87B60D828B4663900432A8A /* Products */,
				D8B4200D28C6EDE800DAA136 /* Frameworks */,
			);
			sourceTree = "<group>";
		};
		D87B60D828B4663900432A8A /* Products */ = {
			isa = PBXGroup;
			children = (
				D87B60D728B4663900432A8A /* Feeder-iOS.app */,
				D87B60EC28B4663A00432A8A /* Feeder-iOSTests.xctest */,
				D87B60F628B4663A00432A8A /* Feeder-iOSUITests.xctest */,
			);
			name = Products;
			sourceTree = "<group>";
		};
		D87B60D928B4663900432A8A /* Feeder-iOS */ = {
			isa = PBXGroup;
			children = (
				D8B4200428C6C0C200DAA136 /* Persistence */,
				D883131928B7F505004F74A2 /* Communication */,
				D8B4200128C6C04B00DAA136 /* Models */,
				D826090828B93DAA00E144E9 /* Views */,
				D8B41FF628C6B9C300DAA136 /* ViewModels */,
				D8FA046528B96DE60084F24B /* Fonts */,
				D87B60DA28B4663900432A8A /* FeederApp.swift */,
				D883131C28B7F9D0004F74A2 /* Constants.swift */,
				D826090B28B9487200E144E9 /* Extensions.swift */,
				D8EE8AFC28B8083300ADE777 /* Info.plist */,
				D87B60DE28B4663900432A8A /* Assets.xcassets */,
				D87B60E028B4663900432A8A /* Preview Content */,
			);
			path = "Feeder-iOS";
			sourceTree = "<group>";
		};
		D87B60E028B4663900432A8A /* Preview Content */ = {
			isa = PBXGroup;
			children = (
				D87B60E128B4663900432A8A /* Preview Assets.xcassets */,
			);
			path = "Preview Content";
			sourceTree = "<group>";
		};
		D87B60EF28B4663A00432A8A /* Feeder-iOSTests */ = {
			isa = PBXGroup;
			children = (
				D87B60F028B4663A00432A8A /* FeederTests.swift */,
				D8B41FFA28C6BA1100DAA136 /* WelcomeTests.swift */,
			);
			path = "Feeder-iOSTests";
			sourceTree = "<group>";
		};
		D87B60F928B4663A00432A8A /* Feeder-iOSUITests */ = {
			isa = PBXGroup;
			children = (
				D87B60FA28B4663A00432A8A /* FeederUITests.swift */,
				D87B60FC28B4663A00432A8A /* FeederUITestsLaunchTests.swift */,
			);
			path = "Feeder-iOSUITests";
			sourceTree = "<group>";
		};
		D883131928B7F505004F74A2 /* Communication */ = {
			isa = PBXGroup;
			children = (
				D883131A28B7F51C004F74A2 /* BluetoothController.swift */,
			);
			path = Communication;
			sourceTree = "<group>";
		};
		D8B41FF628C6B9C300DAA136 /* ViewModels */ = {
			isa = PBXGroup;
			children = (
				D8B41FF728C6B9EF00DAA136 /* WelcomeViewModel.swift */,
			);
			path = ViewModels;
			sourceTree = "<group>";
		};
		D8B4200128C6C04B00DAA136 /* Models */ = {
			isa = PBXGroup;
			children = (
			);
			path = Models;
			sourceTree = "<group>";
		};
		D8B4200428C6C0C200DAA136 /* Persistence */ = {
			isa = PBXGroup;
			children = (
				D8B4200228C6C0A300DAA136 /* Settings.swift */,
				D8B4200528C6C13500DAA136 /* Feeder.swift */,
				D8B4200728C6C55500DAA136 /* Pet.swift */,
			);
			path = Persistence;
			sourceTree = "<group>";
		};
		D8B4200D28C6EDE800DAA136 /* Frameworks */ = {
			isa = PBXGroup;
			children = (
			);
			name = Frameworks;
			sourceTree = "<group>";
		};
		D8FA046528B96DE60084F24B /* Fonts */ = {
			isa = PBXGroup;
			children = (
				D8FA046928B9A4420084F24B /* Nunito-Regular.ttf */,
				D8FA046B28B9A58E0084F24B /* Nunito-Black.ttf */,
				D8FA046628B96E150084F24B /* README.md */,
			);
			path = Fonts;
			sourceTree = "<group>";
		};
/* End PBXGroup section */

/* Begin PBXNativeTarget section */
		D87B60D628B4663900432A8A /* Feeder-iOS */ = {
			isa = PBXNativeTarget;
			buildConfigurationList = D87B610028B4663A00432A8A /* Build configuration list for PBXNativeTarget "Feeder-iOS" */;
			buildPhases = (
				D87B60D328B4663900432A8A /* Sources */,
				D87B60D428B4663900432A8A /* Frameworks */,
				D87B60D528B4663900432A8A /* Resources */,
			);
			buildRules = (
			);
			dependencies = (
			);
			name = "Feeder-iOS";
			packageProductDependencies = (
				D8B41FFD28C6BC9F00DAA136 /* Realm */,
				D8B41FFF28C6BC9F00DAA136 /* RealmSwift */,
			);
			productName = "Feeder-iOS";
			productReference = D87B60D728B4663900432A8A /* Feeder-iOS.app */;
			productType = "com.apple.product-type.application";
		};
		D87B60EB28B4663A00432A8A /* Feeder-iOSTests */ = {
			isa = PBXNativeTarget;
			buildConfigurationList = D87B610328B4663A00432A8A /* Build configuration list for PBXNativeTarget "Feeder-iOSTests" */;
			buildPhases = (
				D87B60E828B4663A00432A8A /* Sources */,
				D87B60E928B4663A00432A8A /* Frameworks */,
				D87B60EA28B4663A00432A8A /* Resources */,
			);
			buildRules = (
			);
			dependencies = (
				D87B60EE28B4663A00432A8A /* PBXTargetDependency */,
			);
			name = "Feeder-iOSTests";
			packageProductDependencies = (
			);
			productName = "Feeder-iOSTests";
			productReference = D87B60EC28B4663A00432A8A /* Feeder-iOSTests.xctest */;
			productType = "com.apple.product-type.bundle.unit-test";
		};
		D87B60F528B4663A00432A8A /* Feeder-iOSUITests */ = {
			isa = PBXNativeTarget;
			buildConfigurationList = D87B610628B4663A00432A8A /* Build configuration list for PBXNativeTarget "Feeder-iOSUITests" */;
			buildPhases = (
				D87B60F228B4663A00432A8A /* Sources */,
				D87B60F328B4663A00432A8A /* Frameworks */,
				D87B60F428B4663A00432A8A /* Resources */,
			);
			buildRules = (
			);
			dependencies = (
				D87B60F828B4663A00432A8A /* PBXTargetDependency */,
			);
			name = "Feeder-iOSUITests";
			productName = "Feeder-iOSUITests";
			productReference = D87B60F628B4663A00432A8A /* Feeder-iOSUITests.xctest */;
			productType = "com.apple.product-type.bundle.ui-testing";
		};
/* End PBXNativeTarget section */

/* Begin PBXProject section */
		D87B60CF28B4663900432A8A /* Project object */ = {
			isa = PBXProject;
			attributes = {
				BuildIndependentTargetsInParallel = 1;
				LastSwiftUpdateCheck = 1400;
				LastUpgradeCheck = 1400;
				TargetAttributes = {
					D87B60D628B4663900432A8A = {
						CreatedOnToolsVersion = 14.0;
					};
					D87B60EB28B4663A00432A8A = {
						CreatedOnToolsVersion = 14.0;
						TestTargetID = D87B60D628B4663900432A8A;
					};
					D87B60F528B4663A00432A8A = {
						CreatedOnToolsVersion = 14.0;
						TestTargetID = D87B60D628B4663900432A8A;
					};
				};
			};
			buildConfigurationList = D87B60D228B4663900432A8A /* Build configuration list for PBXProject "Feeder-iOS" */;
			compatibilityVersion = "Xcode 14.0";
			developmentRegion = en;
			hasScannedForEncodings = 0;
			knownRegions = (
				en,
				Base,
			);
			mainGroup = D87B60CE28B4663900432A8A;
			packageReferences = (
				D8B41FFC28C6BC9F00DAA136 /* XCRemoteSwiftPackageReference "realm-swift" */,
			);
			productRefGroup = D87B60D828B4663900432A8A /* Products */;
			projectDirPath = "";
			projectRoot = "";
			targets = (
				D87B60D628B4663900432A8A /* Feeder-iOS */,
				D87B60EB28B4663A00432A8A /* Feeder-iOSTests */,
				D87B60F528B4663A00432A8A /* Feeder-iOSUITests */,
			);
		};
/* End PBXProject section */

/* Begin PBXResourcesBuildPhase section */
		D87B60D528B4663900432A8A /* Resources */ = {
			isa = PBXResourcesBuildPhase;
			buildActionMask = 2147483647;
			files = (
				D8FA046A28B9A4420084F24B /* Nunito-Regular.ttf in Resources */,
				D87B60E228B4663900432A8A /* Preview Assets.xcassets in Resources */,
				D87B60DF28B4663900432A8A /* Assets.xcassets in Resources */,
				D8FA046C28B9A58E0084F24B /* Nunito-Black.ttf in Resources */,
			);
			runOnlyForDeploymentPostprocessing = 0;
		};
		D87B60EA28B4663A00432A8A /* Resources */ = {
			isa = PBXResourcesBuildPhase;
			buildActionMask = 2147483647;
			files = (
			);
			runOnlyForDeploymentPostprocessing = 0;
		};
		D87B60F428B4663A00432A8A /* Resources */ = {
			isa = PBXResourcesBuildPhase;
			buildActionMask = 2147483647;
			files = (
			);
			runOnlyForDeploymentPostprocessing = 0;
		};
/* End PBXResourcesBuildPhase section */

/* Begin PBXSourcesBuildPhase section */
		D87B60D328B4663900432A8A /* Sources */ = {
			isa = PBXSourcesBuildPhase;
			buildActionMask = 2147483647;
			files = (
				D826090C28B9487200E144E9 /* Extensions.swift in Sources */,
				D8B41FF828C6B9EF00DAA136 /* WelcomeViewModel.swift in Sources */,
				D8B4200628C6C13500DAA136 /* Feeder.swift in Sources */,
				D8B4200828C6C55500DAA136 /* Pet.swift in Sources */,
				D8B4200328C6C0A300DAA136 /* Settings.swift in Sources */,
				D826090A28B93DF200E144E9 /* WelcomeView.swift in Sources */,
				D883131B28B7F51C004F74A2 /* BluetoothController.swift in Sources */,
				D87B60DB28B4663900432A8A /* FeederApp.swift in Sources */,
				D883131D28B7F9D0004F74A2 /* Constants.swift in Sources */,
			);
			runOnlyForDeploymentPostprocessing = 0;
		};
		D87B60E828B4663A00432A8A /* Sources */ = {
			isa = PBXSourcesBuildPhase;
			buildActionMask = 2147483647;
			files = (
				D8B41FFB28C6BA1100DAA136 /* WelcomeTests.swift in Sources */,
				D87B60F128B4663A00432A8A /* FeederTests.swift in Sources */,
			);
			runOnlyForDeploymentPostprocessing = 0;
		};
		D87B60F228B4663A00432A8A /* Sources */ = {
			isa = PBXSourcesBuildPhase;
			buildActionMask = 2147483647;
			files = (
				D87B60FB28B4663A00432A8A /* FeederUITests.swift in Sources */,
				D87B60FD28B4663A00432A8A /* FeederUITestsLaunchTests.swift in Sources */,
			);
			runOnlyForDeploymentPostprocessing = 0;
		};
/* End PBXSourcesBuildPhase section */

/* Begin PBXTargetDependency section */
		D87B60EE28B4663A00432A8A /* PBXTargetDependency */ = {
			isa = PBXTargetDependency;
			target = D87B60D628B4663900432A8A /* Feeder-iOS */;
			targetProxy = D87B60ED28B4663A00432A8A /* PBXContainerItemProxy */;
		};
		D87B60F828B4663A00432A8A /* PBXTargetDependency */ = {
			isa = PBXTargetDependency;
			target = D87B60D628B4663900432A8A /* Feeder-iOS */;
			targetProxy = D87B60F728B4663A00432A8A /* PBXContainerItemProxy */;
		};
/* End PBXTargetDependency section */

/* Begin XCBuildConfiguration section */
		D87B60FE28B4663A00432A8A /* Debug */ = {
			isa = XCBuildConfiguration;
			buildSettings = {
				ALWAYS_SEARCH_USER_PATHS = NO;
				CLANG_ANALYZER_NONNULL = YES;
				CLANG_ANALYZER_NUMBER_OBJECT_CONVERSION = YES_AGGRESSIVE;
				CLANG_CXX_LANGUAGE_STANDARD = "gnu++17";
				CLANG_ENABLE_MODULES = YES;
				CLANG_ENABLE_OBJC_ARC = YES;
				CLANG_ENABLE_OBJC_WEAK = YES;
				CLANG_WARN_BLOCK_CAPTURE_AUTORELEASING = YES;
				CLANG_WARN_BOOL_CONVERSION = YES;
				CLANG_WARN_COMMA = YES;
				CLANG_WARN_CONSTANT_CONVERSION = YES;
				CLANG_WARN_DEPRECATED_OBJC_IMPLEMENTATIONS = YES;
				CLANG_WARN_DIRECT_OBJC_ISA_USAGE = YES_ERROR;
				CLANG_WARN_DOCUMENTATION_COMMENTS = YES;
				CLANG_WARN_EMPTY_BODY = YES;
				CLANG_WARN_ENUM_CONVERSION = YES;
				CLANG_WARN_INFINITE_RECURSION = YES;
				CLANG_WARN_INT_CONVERSION = YES;
				CLANG_WARN_NON_LITERAL_NULL_CONVERSION = YES;
				CLANG_WARN_OBJC_IMPLICIT_RETAIN_SELF = YES;
				CLANG_WARN_OBJC_LITERAL_CONVERSION = YES;
				CLANG_WARN_OBJC_ROOT_CLASS = YES_ERROR;
				CLANG_WARN_QUOTED_INCLUDE_IN_FRAMEWORK_HEADER = YES;
				CLANG_WARN_RANGE_LOOP_ANALYSIS = YES;
				CLANG_WARN_STRICT_PROTOTYPES = YES;
				CLANG_WARN_SUSPICIOUS_MOVE = YES;
				CLANG_WARN_UNGUARDED_AVAILABILITY = YES_AGGRESSIVE;
				CLANG_WARN_UNREACHABLE_CODE = YES;
				CLANG_WARN__DUPLICATE_METHOD_MATCH = YES;
				COPY_PHASE_STRIP = NO;
				DEBUG_INFORMATION_FORMAT = dwarf;
				ENABLE_STRICT_OBJC_MSGSEND = YES;
				ENABLE_TESTABILITY = YES;
				GCC_C_LANGUAGE_STANDARD = gnu11;
				GCC_DYNAMIC_NO_PIC = NO;
				GCC_NO_COMMON_BLOCKS = YES;
				GCC_OPTIMIZATION_LEVEL = 0;
				GCC_PREPROCESSOR_DEFINITIONS = (
					"DEBUG=1",
					"$(inherited)",
				);
				GCC_WARN_64_TO_32_BIT_CONVERSION = YES;
				GCC_WARN_ABOUT_RETURN_TYPE = YES_ERROR;
				GCC_WARN_UNDECLARED_SELECTOR = YES;
				GCC_WARN_UNINITIALIZED_AUTOS = YES_AGGRESSIVE;
				GCC_WARN_UNUSED_FUNCTION = YES;
				GCC_WARN_UNUSED_VARIABLE = YES;
				IPHONEOS_DEPLOYMENT_TARGET = 16.0;
				MTL_ENABLE_DEBUG_INFO = INCLUDE_SOURCE;
				MTL_FAST_MATH = YES;
				ONLY_ACTIVE_ARCH = YES;
				SDKROOT = iphoneos;
				SWIFT_ACTIVE_COMPILATION_CONDITIONS = DEBUG;
				SWIFT_OPTIMIZATION_LEVEL = "-Onone";
			};
			name = Debug;
		};
		D87B60FF28B4663A00432A8A /* Release */ = {
			isa = XCBuildConfiguration;
			buildSettings = {
				ALWAYS_SEARCH_USER_PATHS = NO;
				CLANG_ANALYZER_NONNULL = YES;
				CLANG_ANALYZER_NUMBER_OBJECT_CONVERSION = YES_AGGRESSIVE;
				CLANG_CXX_LANGUAGE_STANDARD = "gnu++17";
				CLANG_ENABLE_MODULES = YES;
				CLANG_ENABLE_OBJC_ARC = YES;
				CLANG_ENABLE_OBJC_WEAK = YES;
				CLANG_WARN_BLOCK_CAPTURE_AUTORELEASING = YES;
				CLANG_WARN_BOOL_CONVERSION = YES;
				CLANG_WARN_COMMA = YES;
				CLANG_WARN_CONSTANT_CONVERSION = YES;
				CLANG_WARN_DEPRECATED_OBJC_IMPLEMENTATIONS = YES;
				CLANG_WARN_DIRECT_OBJC_ISA_USAGE = YES_ERROR;
				CLANG_WARN_DOCUMENTATION_COMMENTS = YES;
				CLANG_WARN_EMPTY_BODY = YES;
				CLANG_WARN_ENUM_CONVERSION = YES;
				CLANG_WARN_INFINITE_RECURSION = YES;
				CLANG_WARN_INT_CONVERSION = YES;
				CLANG_WARN_NON_LITERAL_NULL_CONVERSION = YES;
				CLANG_WARN_OBJC_IMPLICIT_RETAIN_SELF = YES;
				CLANG_WARN_OBJC_LITERAL_CONVERSION = YES;
				CLANG_WARN_OBJC_ROOT_CLASS = YES_ERROR;
				CLANG_WARN_QUOTED_INCLUDE_IN_FRAMEWORK_HEADER = YES;
				CLANG_WARN_RANGE_LOOP_ANALYSIS = YES;
				CLANG_WARN_STRICT_PROTOTYPES = YES;
				CLANG_WARN_SUSPICIOUS_MOVE = YES;
				CLANG_WARN_UNGUARDED_AVAILABILITY = YES_AGGRESSIVE;
				CLANG_WARN_UNREACHABLE_CODE = YES;
				CLANG_WARN__DUPLICATE_METHOD_MATCH = YES;
				COPY_PHASE_STRIP = NO;
				DEBUG_INFORMATION_FORMAT = "dwarf-with-dsym";
				ENABLE_NS_ASSERTIONS = NO;
				ENABLE_STRICT_OBJC_MSGSEND = YES;
				GCC_C_LANGUAGE_STANDARD = gnu11;
				GCC_NO_COMMON_BLOCKS = YES;
				GCC_WARN_64_TO_32_BIT_CONVERSION = YES;
				GCC_WARN_ABOUT_RETURN_TYPE = YES_ERROR;
				GCC_WARN_UNDECLARED_SELECTOR = YES;
				GCC_WARN_UNINITIALIZED_AUTOS = YES_AGGRESSIVE;
				GCC_WARN_UNUSED_FUNCTION = YES;
				GCC_WARN_UNUSED_VARIABLE = YES;
				IPHONEOS_DEPLOYMENT_TARGET = 16.0;
				MTL_ENABLE_DEBUG_INFO = NO;
				MTL_FAST_MATH = YES;
				SDKROOT = iphoneos;
				SWIFT_COMPILATION_MODE = wholemodule;
				SWIFT_OPTIMIZATION_LEVEL = "-O";
				VALIDATE_PRODUCT = YES;
			};
			name = Release;
		};
		D87B610128B4663A00432A8A /* Debug */ = {
			isa = XCBuildConfiguration;
			buildSettings = {
				ASSETCATALOG_COMPILER_APPICON_NAME = AppIcon;
				ASSETCATALOG_COMPILER_GLOBAL_ACCENT_COLOR_NAME = AccentColor;
				CODE_SIGN_STYLE = Automatic;
				CURRENT_PROJECT_VERSION = 1;
				DEVELOPMENT_ASSET_PATHS = "\"Feeder-iOS/Preview Content\"";
				DEVELOPMENT_TEAM = D44Y5BBJ48;
				ENABLE_PREVIEWS = YES;
				GENERATE_INFOPLIST_FILE = YES;
				INFOPLIST_FILE = "Feeder-iOS/Info.plist";
				INFOPLIST_KEY_NSBluetoothAlwaysUsageDescription = "Feeder uses bluetooth to pair with your automatic cat feeder!";
				INFOPLIST_KEY_UIApplicationSceneManifest_Generation = YES;
				INFOPLIST_KEY_UIApplicationSupportsIndirectInputEvents = YES;
				INFOPLIST_KEY_UILaunchScreen_Generation = YES;
				INFOPLIST_KEY_UISupportedInterfaceOrientations_iPad = "UIInterfaceOrientationPortrait UIInterfaceOrientationPortraitUpsideDown UIInterfaceOrientationLandscapeLeft UIInterfaceOrientationLandscapeRight";
				INFOPLIST_KEY_UISupportedInterfaceOrientations_iPhone = "UIInterfaceOrientationPortrait UIInterfaceOrientationLandscapeLeft UIInterfaceOrientationLandscapeRight";
				IPHONEOS_DEPLOYMENT_TARGET = 15.5;
				LD_RUNPATH_SEARCH_PATHS = (
					"$(inherited)",
					"@executable_path/Frameworks",
				);
				MARKETING_VERSION = 1.0;
				PRODUCT_BUNDLE_IDENTIFIER = "me.jdiggity.Feeder-iOS";
				PRODUCT_NAME = "$(TARGET_NAME)";
				SWIFT_EMIT_LOC_STRINGS = YES;
				SWIFT_VERSION = 5.0;
				TARGETED_DEVICE_FAMILY = "1,2";
			};
			name = Debug;
		};
		D87B610228B4663A00432A8A /* Release */ = {
			isa = XCBuildConfiguration;
			buildSettings = {
				ASSETCATALOG_COMPILER_APPICON_NAME = AppIcon;
				ASSETCATALOG_COMPILER_GLOBAL_ACCENT_COLOR_NAME = AccentColor;
				CODE_SIGN_STYLE = Automatic;
				CURRENT_PROJECT_VERSION = 1;
				DEVELOPMENT_ASSET_PATHS = "\"Feeder-iOS/Preview Content\"";
				DEVELOPMENT_TEAM = D44Y5BBJ48;
				ENABLE_PREVIEWS = YES;
				GENERATE_INFOPLIST_FILE = YES;
				INFOPLIST_FILE = "Feeder-iOS/Info.plist";
				INFOPLIST_KEY_NSBluetoothAlwaysUsageDescription = "Feeder uses bluetooth to pair with your automatic cat feeder!";
				INFOPLIST_KEY_UIApplicationSceneManifest_Generation = YES;
				INFOPLIST_KEY_UIApplicationSupportsIndirectInputEvents = YES;
				INFOPLIST_KEY_UILaunchScreen_Generation = YES;
				INFOPLIST_KEY_UISupportedInterfaceOrientations_iPad = "UIInterfaceOrientationPortrait UIInterfaceOrientationPortraitUpsideDown UIInterfaceOrientationLandscapeLeft UIInterfaceOrientationLandscapeRight";
				INFOPLIST_KEY_UISupportedInterfaceOrientations_iPhone = "UIInterfaceOrientationPortrait UIInterfaceOrientationLandscapeLeft UIInterfaceOrientationLandscapeRight";
				IPHONEOS_DEPLOYMENT_TARGET = 15.5;
				LD_RUNPATH_SEARCH_PATHS = (
					"$(inherited)",
					"@executable_path/Frameworks",
				);
				MARKETING_VERSION = 1.0;
				PRODUCT_BUNDLE_IDENTIFIER = "me.jdiggity.Feeder-iOS";
				PRODUCT_NAME = "$(TARGET_NAME)";
				SWIFT_EMIT_LOC_STRINGS = YES;
				SWIFT_VERSION = 5.0;
				TARGETED_DEVICE_FAMILY = "1,2";
			};
			name = Release;
		};
		D87B610428B4663A00432A8A /* Debug */ = {
			isa = XCBuildConfiguration;
			buildSettings = {
				ALWAYS_EMBED_SWIFT_STANDARD_LIBRARIES = YES;
				BUNDLE_LOADER = "$(TEST_HOST)";
				CODE_SIGN_STYLE = Automatic;
				CURRENT_PROJECT_VERSION = 1;
				DEVELOPMENT_TEAM = D44Y5BBJ48;
				GENERATE_INFOPLIST_FILE = YES;
				IPHONEOS_DEPLOYMENT_TARGET = 16.0;
				MARKETING_VERSION = 1.0;
				"OTHER_SWIFT_FLAGS[sdk=iphoneos*]" = "-Xcc -fmodule-map-file=$(PROJECT_TEMP_ROOT)/GeneratedModuleMaps-iphoneos/RealmSwift.modulemap";
				PRODUCT_BUNDLE_IDENTIFIER = "me.jdiggity.Feeder-iOSTests";
				PRODUCT_NAME = "$(TARGET_NAME)";
				SWIFT_EMIT_LOC_STRINGS = NO;
				SWIFT_VERSION = 5.0;
				TARGETED_DEVICE_FAMILY = "1,2";
				TEST_HOST = "$(BUILT_PRODUCTS_DIR)/Feeder-iOS.app/$(BUNDLE_EXECUTABLE_FOLDER_PATH)/Feeder-iOS";
			};
			name = Debug;
		};
		D87B610528B4663A00432A8A /* Release */ = {
			isa = XCBuildConfiguration;
			buildSettings = {
				ALWAYS_EMBED_SWIFT_STANDARD_LIBRARIES = YES;
				BUNDLE_LOADER = "$(TEST_HOST)";
				CODE_SIGN_STYLE = Automatic;
				CURRENT_PROJECT_VERSION = 1;
				DEVELOPMENT_TEAM = D44Y5BBJ48;
				GENERATE_INFOPLIST_FILE = YES;
				IPHONEOS_DEPLOYMENT_TARGET = 16.0;
				MARKETING_VERSION = 1.0;
				"OTHER_SWIFT_FLAGS[sdk=iphoneos*]" = "-Xcc -fmodule-map-file=$(PROJECT_TEMP_ROOT)/GeneratedModuleMaps-iphoneos/RealmSwift.modulemap";
				PRODUCT_BUNDLE_IDENTIFIER = "me.jdiggity.Feeder-iOSTests";
				PRODUCT_NAME = "$(TARGET_NAME)";
				SWIFT_EMIT_LOC_STRINGS = NO;
				SWIFT_VERSION = 5.0;
				TARGETED_DEVICE_FAMILY = "1,2";
				TEST_HOST = "$(BUILT_PRODUCTS_DIR)/Feeder-iOS.app/$(BUNDLE_EXECUTABLE_FOLDER_PATH)/Feeder-iOS";
			};
			name = Release;
		};
		D87B610728B4663A00432A8A /* Debug */ = {
			isa = XCBuildConfiguration;
			buildSettings = {
				ALWAYS_EMBED_SWIFT_STANDARD_LIBRARIES = YES;
				CODE_SIGN_STYLE = Automatic;
				CURRENT_PROJECT_VERSION = 1;
				DEVELOPMENT_TEAM = D44Y5BBJ48;
				GENERATE_INFOPLIST_FILE = YES;
				MARKETING_VERSION = 1.0;
				PRODUCT_BUNDLE_IDENTIFIER = "me.jdiggity.Feeder-iOSUITests";
				PRODUCT_NAME = "$(TARGET_NAME)";
				SWIFT_EMIT_LOC_STRINGS = NO;
				SWIFT_VERSION = 5.0;
				TARGETED_DEVICE_FAMILY = "1,2";
				TEST_TARGET_NAME = "Feeder-iOS";
			};
			name = Debug;
		};
		D87B610828B4663A00432A8A /* Release */ = {
			isa = XCBuildConfiguration;
			buildSettings = {
				ALWAYS_EMBED_SWIFT_STANDARD_LIBRARIES = YES;
				CODE_SIGN_STYLE = Automatic;
				CURRENT_PROJECT_VERSION = 1;
				DEVELOPMENT_TEAM = D44Y5BBJ48;
				GENERATE_INFOPLIST_FILE = YES;
				MARKETING_VERSION = 1.0;
				PRODUCT_BUNDLE_IDENTIFIER = "me.jdiggity.Feeder-iOSUITests";
				PRODUCT_NAME = "$(TARGET_NAME)";
				SWIFT_EMIT_LOC_STRINGS = NO;
				SWIFT_VERSION = 5.0;
				TARGETED_DEVICE_FAMILY = "1,2";
				TEST_TARGET_NAME = "Feeder-iOS";
			};
			name = Release;
		};
/* End XCBuildConfiguration section */

/* Begin XCConfigurationList section */
		D87B60D228B4663900432A8A /* Build configuration list for PBXProject "Feeder-iOS" */ = {
			isa = XCConfigurationList;
			buildConfigurations = (
				D87B60FE28B4663A00432A8A /* Debug */,
				D87B60FF28B4663A00432A8A /* Release */,
			);
			defaultConfigurationIsVisible = 0;
			defaultConfigurationName = Release;
		};
		D87B610028B4663A00432A8A /* Build configuration list for PBXNativeTarget "Feeder-iOS" */ = {
			isa = XCConfigurationList;
			buildConfigurations = (
				D87B610128B4663A00432A8A /* Debug */,
				D87B610228B4663A00432A8A /* Release */,
			);
			defaultConfigurationIsVisible = 0;
			defaultConfigurationName = Release;
		};
		D87B610328B4663A00432A8A /* Build configuration list for PBXNativeTarget "Feeder-iOSTests" */ = {
			isa = XCConfigurationList;
			buildConfigurations = (
				D87B610428B4663A00432A8A /* Debug */,
				D87B610528B4663A00432A8A /* Release */,
			);
			defaultConfigurationIsVisible = 0;
			defaultConfigurationName = Release;
		};
		D87B610628B4663A00432A8A /* Build configuration list for PBXNativeTarget "Feeder-iOSUITests" */ = {
			isa = XCConfigurationList;
			buildConfigurations = (
				D87B610728B4663A00432A8A /* Debug */,
				D87B610828B4663A00432A8A /* Release */,
			);
			defaultConfigurationIsVisible = 0;
			defaultConfigurationName = Release;
		};
/* End XCConfigurationList section */

/* Begin XCRemoteSwiftPackageReference section */
		D8B41FFC28C6BC9F00DAA136 /* XCRemoteSwiftPackageReference "realm-swift" */ = {
			isa = XCRemoteSwiftPackageReference;
			repositoryURL = "https://github.com/realm/realm-swift.git";
			requirement = {
				kind = upToNextMajorVersion;
				minimumVersion = 10.28.7;
			};
		};
/* End XCRemoteSwiftPackageReference section */

/* Begin XCSwiftPackageProductDependency section */
		D8B41FFD28C6BC9F00DAA136 /* Realm */ = {
			isa = XCSwiftPackageProductDependency;
			package = D8B41FFC28C6BC9F00DAA136 /* XCRemoteSwiftPackageReference "realm-swift" */;
			productName = Realm;
		};
		D8B41FFF28C6BC9F00DAA136 /* RealmSwift */ = {
			isa = XCSwiftPackageProductDependency;
			package = D8B41FFC28C6BC9F00DAA136 /* XCRemoteSwiftPackageReference "realm-swift" */;
			productName = RealmSwift;
		};
/* End XCSwiftPackageProductDependency section */
	};
	rootObject = D87B60CF28B4663900432A8A /* Project object */;
}
